// !$*UTF8*$!
{
	archiveVersion = 1;
	classes = {
	};
	objectVersion = 77;
	objects = {

/* Begin PBXBuildFile section */
		98C6F1AA2D4546370000CC08 /* Preview Assets.xcassets in Resources */ = {isa = PBXBuildFile; fileRef = 98C6F1A22D4546370000CC08 /* Preview Assets.xcassets */; };
		98C6F1AF2D4546370000CC08 /* MarmotApp.swift in Sources */ = {isa = PBXBuildFile; fileRef = 98C6F1A82D4546370000CC08 /* MarmotApp.swift */; };
		98C6F1E92D456F620000CC08 /* Assets.xcassets in Resources */ = {isa = PBXBuildFile; fileRef = 98C6F1E82D456F620000CC08 /* Assets.xcassets */; };
		98C6F1EE2D456FE60000CC08 /* ContentView.swift in Sources */ = {isa = PBXBuildFile; fileRef = 98C6F1ED2D456FE20000CC08 /* ContentView.swift */; };
/* End PBXBuildFile section */

/* Begin PBXCopyFilesBuildPhase section */
		98B6B91F2D452C64002AD33B /* Embed Frameworks */ = {
			isa = PBXCopyFilesBuildPhase;
			buildActionMask = 2147483647;
			dstPath = "";
			dstSubfolderSpec = 10;
			files = (
			);
			name = "Embed Frameworks";
			runOnlyForDeploymentPostprocessing = 0;
		};
/* End PBXCopyFilesBuildPhase section */

/* Begin PBXFileReference section */
		987C91642DC7D32600183370 /* Marmot.entitlements */ = {isa = PBXFileReference; lastKnownFileType = text.plist.entitlements; path = Marmot.entitlements; sourceTree = "<group>"; };
		98B6B9082D452A34002AD33B /* Marmot.app */ = {isa = PBXFileReference; explicitFileType = wrapper.application; includeInIndex = 0; path = Marmot.app; sourceTree = BUILT_PRODUCTS_DIR; };
		98C6F1A22D4546370000CC08 /* Preview Assets.xcassets */ = {isa = PBXFileReference; lastKnownFileType = folder.assetcatalog; path = "Preview Assets.xcassets"; sourceTree = "<group>"; };
		98C6F1A72D4546370000CC08 /* Marmot-Bridging-Header.h */ = {isa = PBXFileReference; lastKnownFileType = sourcecode.c.h; path = "Marmot-Bridging-Header.h"; sourceTree = "<group>"; };
		98C6F1A82D4546370000CC08 /* MarmotApp.swift */ = {isa = PBXFileReference; lastKnownFileType = sourcecode.swift; path = MarmotApp.swift; sourceTree = "<group>"; };
		98C6F1E82D456F620000CC08 /* Assets.xcassets */ = {isa = PBXFileReference; lastKnownFileType = folder.assetcatalog; path = Assets.xcassets; sourceTree = "<group>"; };
		98C6F1ED2D456FE20000CC08 /* ContentView.swift */ = {isa = PBXFileReference; lastKnownFileType = sourcecode.swift; path = ContentView.swift; sourceTree = "<group>"; };
/* End PBXFileReference section */

/* Begin PBXFileSystemSynchronizedBuildFileExceptionSet section */
		98C6F1B82D45466E0000CC08 /* Exceptions for "Screens" folder in "Marmot" target */ = {
			isa = PBXFileSystemSynchronizedBuildFileExceptionSet;
			membershipExceptions = (
				BenchmarkScreen.swift,
				ChatHistoryScreen.swift,
				ChatScreen.swift,
				ManageModelsScreen.swift,
				MenuScreen.swift,
				ModelSettingsScreen.swift,
				ModelsScreen.swift,
				ResumeSessionScreen.swift,
				SettingsScreen.swift,
				WelcomeScreen.swift,
			);
			target = 98B6B9072D452A34002AD33B /* Marmot */;
		};
/* End PBXFileSystemSynchronizedBuildFileExceptionSet section */

/* Begin PBXFileSystemSynchronizedGroupBuildPhaseMembershipExceptionSet section */
		34A191D92EB8C10D00C93B85 /* Exceptions for "Frameworks" folder in "Embed Frameworks" phase from "Marmot" target */ = {
			isa = PBXFileSystemSynchronizedGroupBuildPhaseMembershipExceptionSet;
			attributesByRelativePath = {
				"ggml-prefetch.framework" = (CodeSignOnCopy, RemoveHeadersOnCopy, );
				"llama-ios.framework" = (CodeSignOnCopy, RemoveHeadersOnCopy, );
				"llama-prefetch.framework" = (CodeSignOnCopy, RemoveHeadersOnCopy, );
			};
			buildPhase = 98B6B91F2D452C64002AD33B /* Embed Frameworks */;
			membershipExceptions = (
				"ggml-prefetch.framework",
				"llama-ios.framework",
				"llama-prefetch.framework",
			);
		};
/* End PBXFileSystemSynchronizedGroupBuildPhaseMembershipExceptionSet section */

/* Begin PBXFileSystemSynchronizedRootGroup section */
		98C6F1852D4532F20000CC08 /* Frameworks */ = {
			isa = PBXFileSystemSynchronizedRootGroup;
			exceptions = (
				34A191D92EB8C10D00C93B85 /* Exceptions for "Frameworks" folder in "Embed Frameworks" phase from "Marmot" target */,
			);
			path = Frameworks;
			sourceTree = "<group>";
		};
		98C6F1B22D45463D0000CC08 /* Models */ = {
			isa = PBXFileSystemSynchronizedRootGroup;
			path = Models;
			sourceTree = "<group>";
		};
		98C6F1B52D45463F0000CC08 /* Screens */ = {
			isa = PBXFileSystemSynchronizedRootGroup;
			exceptions = (
				98C6F1B82D45466E0000CC08 /* Exceptions for "Screens" folder in "Marmot" target */,
			);
			path = Screens;
			sourceTree = "<group>";
		};
		98C6F1B92D4557DC0000CC08 /* Extensions */ = {
			isa = PBXFileSystemSynchronizedRootGroup;
			path = Extensions;
			sourceTree = "<group>";
		};
		98C6F1BF2D455E9B0000CC08 /* Views */ = {
			isa = PBXFileSystemSynchronizedRootGroup;
			path = Views;
			sourceTree = "<group>";
		};
		98D2A7532D4AA7290052F34C /* Assets */ = {
			isa = PBXFileSystemSynchronizedRootGroup;
			path = Assets;
			sourceTree = "<group>";
		};
/* End PBXFileSystemSynchronizedRootGroup section */

/* Begin PBXFrameworksBuildPhase section */
		98B6B9052D452A34002AD33B /* Frameworks */ = {
			isa = PBXFrameworksBuildPhase;
			buildActionMask = 2147483647;
			files = (
			);
			runOnlyForDeploymentPostprocessing = 0;
		};
/* End PBXFrameworksBuildPhase section */

/* Begin PBXGroup section */
		98B6B8FF2D452A34002AD33B = {
			isa = PBXGroup;
			children = (
				98C6F1852D4532F20000CC08 /* Frameworks */,
				98C6F1A92D4546370000CC08 /* Marmot */,
				98B6B9092D452A34002AD33B /* Products */,
			);
			sourceTree = "<group>";
		};
		98B6B9092D452A34002AD33B /* Products */ = {
			isa = PBXGroup;
			children = (
				98B6B9082D452A34002AD33B /* Marmot.app */,
			);
			name = Products;
			sourceTree = "<group>";
		};
		98C6F1A32D4546370000CC08 /* Preview Content */ = {
			isa = PBXGroup;
			children = (
				98C6F1A22D4546370000CC08 /* Preview Assets.xcassets */,
			);
			path = "Preview Content";
			sourceTree = "<group>";
		};
		98C6F1A92D4546370000CC08 /* Marmot */ = {
			isa = PBXGroup;
			children = (
				987C91642DC7D32600183370 /* Marmot.entitlements */,
				98C6F1A32D4546370000CC08 /* Preview Content */,
				98C6F1E82D456F620000CC08 /* Assets.xcassets */,
				98D2A7532D4AA7290052F34C /* Assets */,
				98C6F1B92D4557DC0000CC08 /* Extensions */,
				98C6F1B22D45463D0000CC08 /* Models */,
				98C6F1BF2D455E9B0000CC08 /* Views */,
				98C6F1B52D45463F0000CC08 /* Screens */,
				98C6F1A72D4546370000CC08 /* Marmot-Bridging-Header.h */,
				98C6F1A82D4546370000CC08 /* MarmotApp.swift */,
				98C6F1ED2D456FE20000CC08 /* ContentView.swift */,
			);
			path = Marmot;
			sourceTree = "<group>";
		};
/* End PBXGroup section */

/* Begin PBXNativeTarget section */
		98B6B9072D452A34002AD33B /* Marmot */ = {
			isa = PBXNativeTarget;
			buildConfigurationList = 98B6B9162D452A35002AD33B /* Build configuration list for PBXNativeTarget "Marmot" */;
			buildPhases = (
				98B6B9042D452A34002AD33B /* Sources */,
				98B6B9052D452A34002AD33B /* Frameworks */,
				98B6B9062D452A34002AD33B /* Resources */,
				98B6B91F2D452C64002AD33B /* Embed Frameworks */,
			);
			buildRules = (
			);
			dependencies = (
			);
			fileSystemSynchronizedGroups = (
				98C6F1852D4532F20000CC08 /* Frameworks */,
				98C6F1B22D45463D0000CC08 /* Models */,
				98C6F1B92D4557DC0000CC08 /* Extensions */,
				98C6F1BF2D455E9B0000CC08 /* Views */,
				98D2A7532D4AA7290052F34C /* Assets */,
			);
			name = Marmot;
			packageProductDependencies = (
			);
			productName = Marmot;
			productReference = 98B6B9082D452A34002AD33B /* Marmot.app */;
			productType = "com.apple.product-type.application";
		};
/* End PBXNativeTarget section */

/* Begin PBXProject section */
		98B6B9002D452A34002AD33B /* Project object */ = {
			isa = PBXProject;
			attributes = {
				BuildIndependentTargetsInParallel = 1;
				LastSwiftUpdateCheck = 1600;
				LastUpgradeCheck = 1600;
				TargetAttributes = {
					98B6B9072D452A34002AD33B = {
						CreatedOnToolsVersion = 16.0;
						LastSwiftMigration = 1600;
					};
				};
			};
			buildConfigurationList = 98B6B9032D452A34002AD33B /* Build configuration list for PBXProject "Marmot" */;
			developmentRegion = en;
			hasScannedForEncodings = 0;
			knownRegions = (
				en,
				Base,
			);
			mainGroup = 98B6B8FF2D452A34002AD33B;
			minimizedProjectReferenceProxies = 1;
			preferredProjectObjectVersion = 77;
			productRefGroup = 98B6B9092D452A34002AD33B /* Products */;
			projectDirPath = "";
			projectRoot = "";
			targets = (
				98B6B9072D452A34002AD33B /* Marmot */,
			);
		};
/* End PBXProject section */

/* Begin PBXResourcesBuildPhase section */
		98B6B9062D452A34002AD33B /* Resources */ = {
			isa = PBXResourcesBuildPhase;
			buildActionMask = 2147483647;
			files = (
				98C6F1E92D456F620000CC08 /* Assets.xcassets in Resources */,
				98C6F1AA2D4546370000CC08 /* Preview Assets.xcassets in Resources */,
			);
			runOnlyForDeploymentPostprocessing = 0;
		};
/* End PBXResourcesBuildPhase section */

/* Begin PBXSourcesBuildPhase section */
		98B6B9042D452A34002AD33B /* Sources */ = {
			isa = PBXSourcesBuildPhase;
			buildActionMask = 2147483647;
			files = (
				98C6F1EE2D456FE60000CC08 /* ContentView.swift in Sources */,
				98C6F1AF2D4546370000CC08 /* MarmotApp.swift in Sources */,
			);
			runOnlyForDeploymentPostprocessing = 0;
		};
/* End PBXSourcesBuildPhase section */

/* Begin XCBuildConfiguration section */
		98B6B9142D452A35002AD33B /* Debug */ = {
			isa = XCBuildConfiguration;
			buildSettings = {
				ALWAYS_SEARCH_USER_PATHS = NO;
				ASSETCATALOG_COMPILER_GENERATE_SWIFT_ASSET_SYMBOL_EXTENSIONS = YES;
				CLANG_ANALYZER_NONNULL = YES;
				CLANG_ANALYZER_NUMBER_OBJECT_CONVERSION = YES_AGGRESSIVE;
				CLANG_CXX_LANGUAGE_STANDARD = "gnu++20";
				CLANG_ENABLE_MODULES = YES;
				CLANG_ENABLE_OBJC_ARC = YES;
				CLANG_ENABLE_OBJC_WEAK = YES;
				CLANG_WARN_BLOCK_CAPTURE_AUTORELEASING = YES;
				CLANG_WARN_BOOL_CONVERSION = YES;
				CLANG_WARN_COMMA = YES;
				CLANG_WARN_CONSTANT_CONVERSION = YES;
				CLANG_WARN_DEPRECATED_OBJC_IMPLEMENTATIONS = YES;
				CLANG_WARN_DIRECT_OBJC_ISA_USAGE = YES_ERROR;
				CLANG_WARN_DOCUMENTATION_COMMENTS = YES;
				CLANG_WARN_EMPTY_BODY = YES;
				CLANG_WARN_ENUM_CONVERSION = YES;
				CLANG_WARN_INFINITE_RECURSION = YES;
				CLANG_WARN_INT_CONVERSION = YES;
				CLANG_WARN_NON_LITERAL_NULL_CONVERSION = YES;
				CLANG_WARN_OBJC_IMPLICIT_RETAIN_SELF = YES;
				CLANG_WARN_OBJC_LITERAL_CONVERSION = YES;
				CLANG_WARN_OBJC_ROOT_CLASS = YES_ERROR;
				CLANG_WARN_QUOTED_INCLUDE_IN_FRAMEWORK_HEADER = YES;
				CLANG_WARN_RANGE_LOOP_ANALYSIS = YES;
				CLANG_WARN_STRICT_PROTOTYPES = YES;
				CLANG_WARN_SUSPICIOUS_MOVE = YES;
				CLANG_WARN_UNGUARDED_AVAILABILITY = YES_AGGRESSIVE;
				CLANG_WARN_UNREACHABLE_CODE = YES;
				CLANG_WARN__DUPLICATE_METHOD_MATCH = YES;
				COPY_PHASE_STRIP = NO;
				DEBUG_INFORMATION_FORMAT = dwarf;
				ENABLE_STRICT_OBJC_MSGSEND = YES;
				ENABLE_TESTABILITY = YES;
				ENABLE_USER_SCRIPT_SANDBOXING = YES;
				GCC_C_LANGUAGE_STANDARD = gnu17;
				GCC_DYNAMIC_NO_PIC = NO;
				GCC_NO_COMMON_BLOCKS = YES;
				GCC_OPTIMIZATION_LEVEL = 0;
				GCC_PREPROCESSOR_DEFINITIONS = (
					"DEBUG=1",
					"$(inherited)",
				);
				GCC_WARN_64_TO_32_BIT_CONVERSION = YES;
				GCC_WARN_ABOUT_RETURN_TYPE = YES_ERROR;
				GCC_WARN_UNDECLARED_SELECTOR = YES;
				GCC_WARN_UNINITIALIZED_AUTOS = YES_AGGRESSIVE;
				GCC_WARN_UNUSED_FUNCTION = YES;
				GCC_WARN_UNUSED_VARIABLE = YES;
				IPHONEOS_DEPLOYMENT_TARGET = 18.0;
				LOCALIZATION_PREFERS_STRING_CATALOGS = YES;
				MTL_ENABLE_DEBUG_INFO = INCLUDE_SOURCE;
				MTL_FAST_MATH = YES;
				ONLY_ACTIVE_ARCH = YES;
				SDKROOT = iphoneos;
				SWIFT_ACTIVE_COMPILATION_CONDITIONS = "DEBUG $(inherited)";
				SWIFT_OPTIMIZATION_LEVEL = "-Onone";
			};
			name = Debug;
		};
		98B6B9152D452A35002AD33B /* Release */ = {
			isa = XCBuildConfiguration;
			buildSettings = {
				ALWAYS_SEARCH_USER_PATHS = NO;
				ASSETCATALOG_COMPILER_GENERATE_SWIFT_ASSET_SYMBOL_EXTENSIONS = YES;
				CLANG_ANALYZER_NONNULL = YES;
				CLANG_ANALYZER_NUMBER_OBJECT_CONVERSION = YES_AGGRESSIVE;
				CLANG_CXX_LANGUAGE_STANDARD = "gnu++20";
				CLANG_ENABLE_MODULES = YES;
				CLANG_ENABLE_OBJC_ARC = YES;
				CLANG_ENABLE_OBJC_WEAK = YES;
				CLANG_WARN_BLOCK_CAPTURE_AUTORELEASING = YES;
				CLANG_WARN_BOOL_CONVERSION = YES;
				CLANG_WARN_COMMA = YES;
				CLANG_WARN_CONSTANT_CONVERSION = YES;
				CLANG_WARN_DEPRECATED_OBJC_IMPLEMENTATIONS = YES;
				CLANG_WARN_DIRECT_OBJC_ISA_USAGE = YES_ERROR;
				CLANG_WARN_DOCUMENTATION_COMMENTS = YES;
				CLANG_WARN_EMPTY_BODY = YES;
				CLANG_WARN_ENUM_CONVERSION = YES;
				CLANG_WARN_INFINITE_RECURSION = YES;
				CLANG_WARN_INT_CONVERSION = YES;
				CLANG_WARN_NON_LITERAL_NULL_CONVERSION = YES;
				CLANG_WARN_OBJC_IMPLICIT_RETAIN_SELF = YES;
				CLANG_WARN_OBJC_LITERAL_CONVERSION = YES;
				CLANG_WARN_OBJC_ROOT_CLASS = YES_ERROR;
				CLANG_WARN_QUOTED_INCLUDE_IN_FRAMEWORK_HEADER = YES;
				CLANG_WARN_RANGE_LOOP_ANALYSIS = YES;
				CLANG_WARN_STRICT_PROTOTYPES = YES;
				CLANG_WARN_SUSPICIOUS_MOVE = YES;
				CLANG_WARN_UNGUARDED_AVAILABILITY = YES_AGGRESSIVE;
				CLANG_WARN_UNREACHABLE_CODE = YES;
				CLANG_WARN__DUPLICATE_METHOD_MATCH = YES;
				COPY_PHASE_STRIP = NO;
				DEBUG_INFORMATION_FORMAT = "dwarf-with-dsym";
				ENABLE_NS_ASSERTIONS = NO;
				ENABLE_STRICT_OBJC_MSGSEND = YES;
				ENABLE_USER_SCRIPT_SANDBOXING = YES;
				GCC_C_LANGUAGE_STANDARD = gnu17;
				GCC_NO_COMMON_BLOCKS = YES;
				GCC_WARN_64_TO_32_BIT_CONVERSION = YES;
				GCC_WARN_ABOUT_RETURN_TYPE = YES_ERROR;
				GCC_WARN_UNDECLARED_SELECTOR = YES;
				GCC_WARN_UNINITIALIZED_AUTOS = YES_AGGRESSIVE;
				GCC_WARN_UNUSED_FUNCTION = YES;
				GCC_WARN_UNUSED_VARIABLE = YES;
				IPHONEOS_DEPLOYMENT_TARGET = 18.0;
				LOCALIZATION_PREFERS_STRING_CATALOGS = YES;
				MTL_ENABLE_DEBUG_INFO = NO;
				MTL_FAST_MATH = YES;
				SDKROOT = iphoneos;
				SWIFT_COMPILATION_MODE = wholemodule;
				VALIDATE_PRODUCT = YES;
			};
			name = Release;
		};
		98B6B9172D452A35002AD33B /* Debug */ = {
			isa = XCBuildConfiguration;
			buildSettings = {
				ASSETCATALOG_COMPILER_APPICON_NAME = AppIcon;
				ASSETCATALOG_COMPILER_GLOBAL_ACCENT_COLOR_NAME = AccentColor;
				CLANG_ENABLE_MODULES = YES;
				CODE_SIGN_ENTITLEMENTS = Marmot/Marmot.entitlements;
				CODE_SIGN_IDENTITY = "Apple Development";
				CODE_SIGN_STYLE = Automatic;
				CURRENT_PROJECT_VERSION = 1;
				DEVELOPMENT_ASSET_PATHS = "\"Marmot/Preview Content\"";
				DEVELOPMENT_TEAM = R637ZJL6UU;
				ENABLE_PREVIEWS = YES;
				FRAMEWORK_SEARCH_PATHS = (
					"$(inherited)",
					"$(PROJECT_DIR)/Marmot/Frameworks",
					"$(PROJECT_DIR)/Frameworks",
				);
				GENERATE_INFOPLIST_FILE = YES;
				INFOPLIST_KEY_UIApplicationSceneManifest_Generation = YES;
				INFOPLIST_KEY_UIApplicationSupportsIndirectInputEvents = YES;
				INFOPLIST_KEY_UILaunchScreen_Generation = YES;
				INFOPLIST_KEY_UISupportedInterfaceOrientations_iPad = "UIInterfaceOrientationPortrait UIInterfaceOrientationPortraitUpsideDown UIInterfaceOrientationLandscapeLeft UIInterfaceOrientationLandscapeRight";
				INFOPLIST_KEY_UISupportedInterfaceOrientations_iPhone = "UIInterfaceOrientationPortrait UIInterfaceOrientationLandscapeLeft UIInterfaceOrientationLandscapeRight";
				LD_RUNPATH_SEARCH_PATHS = (
					"$(inherited)",
					"@executable_path/Frameworks",
				);
				MARKETING_VERSION = 1.0;
				PRODUCT_BUNDLE_IDENTIFIER = com.marmot.marmotapp;
				PRODUCT_NAME = "$(TARGET_NAME)";
				PROVISIONING_PROFILE_SPECIFIER = "";
				SWIFT_EMIT_LOC_STRINGS = YES;
				SWIFT_OBJC_BRIDGING_HEADER = "Marmot/Marmot-Bridging-Header.h";
				SWIFT_OPTIMIZATION_LEVEL = "-Onone";
				SWIFT_VERSION = 5.0;
				TARGETED_DEVICE_FAMILY = "1,2";
			};
			name = Debug;
		};
		98B6B9182D452A35002AD33B /* Release */ = {
			isa = XCBuildConfiguration;
			buildSettings = {
				ASSETCATALOG_COMPILER_APPICON_NAME = AppIcon;
				ASSETCATALOG_COMPILER_GLOBAL_ACCENT_COLOR_NAME = AccentColor;
				CLANG_ENABLE_MODULES = YES;
				CODE_SIGN_ENTITLEMENTS = Marmot/Marmot.entitlements;
				CODE_SIGN_IDENTITY = "Apple Development";
				CODE_SIGN_STYLE = Automatic;
				CURRENT_PROJECT_VERSION = 1;
				DEVELOPMENT_ASSET_PATHS = "\"Marmot/Preview Content\"";
				DEVELOPMENT_TEAM = R637ZJL6UU;
				ENABLE_PREVIEWS = YES;
				FRAMEWORK_SEARCH_PATHS = (
					"$(inherited)",
					"$(PROJECT_DIR)/Marmot/Frameworks",
					"$(PROJECT_DIR)/Frameworks",
				);
				GENERATE_INFOPLIST_FILE = YES;
				INFOPLIST_KEY_UIApplicationSceneManifest_Generation = YES;
				INFOPLIST_KEY_UIApplicationSupportsIndirectInputEvents = YES;
				INFOPLIST_KEY_UILaunchScreen_Generation = YES;
				INFOPLIST_KEY_UISupportedInterfaceOrientations_iPad = "UIInterfaceOrientationPortrait UIInterfaceOrientationPortraitUpsideDown UIInterfaceOrientationLandscapeLeft UIInterfaceOrientationLandscapeRight";
				INFOPLIST_KEY_UISupportedInterfaceOrientations_iPhone = "UIInterfaceOrientationPortrait UIInterfaceOrientationLandscapeLeft UIInterfaceOrientationLandscapeRight";
				LD_RUNPATH_SEARCH_PATHS = (
					"$(inherited)",
					"@executable_path/Frameworks",
				);
				MARKETING_VERSION = 1.0;
				PRODUCT_BUNDLE_IDENTIFIER = com.marmot.marmotapp;
				PRODUCT_NAME = "$(TARGET_NAME)";
				PROVISIONING_PROFILE_SPECIFIER = "";
				SWIFT_EMIT_LOC_STRINGS = YES;
				SWIFT_OBJC_BRIDGING_HEADER = "Marmot/Marmot-Bridging-Header.h";
				SWIFT_VERSION = 5.0;
				TARGETED_DEVICE_FAMILY = "1,2";
			};
			name = Release;
		};
/* End XCBuildConfiguration section */

/* Begin XCConfigurationList section */
		98B6B9032D452A34002AD33B /* Build configuration list for PBXProject "Marmot" */ = {
			isa = XCConfigurationList;
			buildConfigurations = (
				98B6B9142D452A35002AD33B /* Debug */,
				98B6B9152D452A35002AD33B /* Release */,
			);
			defaultConfigurationIsVisible = 0;
			defaultConfigurationName = Release;
		};
		98B6B9162D452A35002AD33B /* Build configuration list for PBXNativeTarget "Marmot" */ = {
			isa = XCConfigurationList;
			buildConfigurations = (
				98B6B9172D452A35002AD33B /* Debug */,
				98B6B9182D452A35002AD33B /* Release */,
			);
			defaultConfigurationIsVisible = 0;
			defaultConfigurationName = Release;
		};
/* End XCConfigurationList section */
	};
	rootObject = 98B6B9002D452A34002AD33B /* Project object */;
}
